
Microsoft Visual Studio Solution File, Format Version 12.00
# Visual Studio Version 16
VisualStudioVersion = 16.0.30523.141
MinimumVisualStudioVersion = 10.0.40219.1
Project("{FAE04EC0-301F-11D3-BF4B-00C04F79EFBC}") = "FinalOpcion2", "FinalOpcion2\FinalOpcion2.csproj", "{8D8EADAA-B264-4849-8DB3-B578D7944EEC}"
EndProject
Global
	GlobalSection(SolutionConfigurationPlatforms) = preSolution
		Debug|Any CPU = Debug|Any CPU
		Release|Any CPU = Release|Any CPU
	EndGlobalSection
	GlobalSection(ProjectConfigurationPlatforms) = postSolution
		{8D8EADAA-B264-4849-8DB3-B578D7944EEC}.Debug|Any CPU.ActiveCfg = Debug|Any CPU
		{8D8EADAA-B264-4849-8DB3-B578D7944EEC}.Debug|Any CPU.Build.0 = Debug|Any CPU
		{8D8EADAA-B264-4849-8DB3-B578D7944EEC}.Release|Any CPU.ActiveCfg = Release|Any CPU
		{8D8EADAA-B264-4849-8DB3-B578D7944EEC}.Release|Any CPU.Build.0 = Release|Any CPU
	EndGlobalSection
	GlobalSection(SolutionProperties) = preSolution
		HideSolutionNode = FALSE
	EndGlobalSection
	GlobalSection(ExtensibilityGlobals) = postSolution
		SolutionGuid = {602058BF-B6BB-4689-B616-D36F83938C54}
	EndGlobalSection
EndGlobal
